{
    "name": "vscode-theme-candi",
    "version": "0.0.26",
    "lockfileVersion": 3,
    "requires": true,
    "packages": {
        "": {
            "name": "vscode-theme-candi",
            "version": "0.0.26",
            "engines": {
                "vscode": "^1.0.0"
            }
        }
    }
}
